
Microsoft Visual Studio Solution File, Format Version 12.00
# Visual Studio Version 17
VisualStudioVersion = 17.2.32616.157
MinimumVisualStudioVersion = 10.0.40219.1
Project("{FAE04EC0-301F-11D3-BF4B-00C04F79EFBC}") = "EntityTest", "EntityTest\EntityTest.csproj", "{273E3B79-C0F0-415B-8749-516633E389F6}"
EndProject
Global
	GlobalSection(SolutionConfigurationPlatforms) = preSolution
		Debug|Any CPU = Debug|Any CPU
		Release|Any CPU = Release|Any CPU
	EndGlobalSection
	GlobalSection(ProjectConfigurationPlatforms) = postSolution
		{273E3B79-C0F0-415B-8749-516633E389F6}.Debug|Any CPU.ActiveCfg = Debug|Any CPU
		{273E3B79-C0F0-415B-8749-516633E389F6}.Debug|Any CPU.Build.0 = Debug|Any CPU
		{273E3B79-C0F0-415B-8749-516633E389F6}.Release|Any CPU.ActiveCfg = Release|Any CPU
		{273E3B79-C0F0-415B-8749-516633E389F6}.Release|Any CPU.Build.0 = Release|Any CPU
	EndGlobalSection
	GlobalSection(SolutionProperties) = preSolution
		HideSolutionNode = FALSE
	EndGlobalSection
	GlobalSection(ExtensibilityGlobals) = postSolution
		SolutionGuid = {45827CA0-99D6-44CA-AA62-271E797BF7B5}
	EndGlobalSection
EndGlobal
